Microsoft Visual Studio Solution File, Format Version 12.00
# Visual Studio Version 17
VisualStudioVersion = 17.5.2.0
MinimumVisualStudioVersion = 10.0.40219.1
Project("{FAE04EC0-301F-11D3-BF4B-00C04F79EFBC}") = "Webhook.Api", "Webhook.Api\Webhook.Api.csproj", "{8C09A7EE-24A3-6386-E7FF-E6FDBEC8C94A}"
EndProject
Project("{2150E333-8FDC-42A3-9474-1A3956D46DE8}") = "Aspire", "Aspire", "{B88796AF-D5E1-4E00-A592-1E962445A706}"
EndProject
Project("{FAE04EC0-301F-11D3-BF4B-00C04F79EFBC}") = "Webhook.AppHost", "Aspire\Webhook.AppHost\Webhook.AppHost.csproj", "{A0C8F9EC-E8BF-42D6-B55C-D53E4A733B45}"
EndProject
Project("{FAE04EC0-301F-11D3-BF4B-00C04F79EFBC}") = "Webhook.ServiceDefaults", "Aspire\Webhook.ServiceDefaults\Webhook.ServiceDefaults.csproj", "{0FAE66A2-E81E-4532-B2F9-70F846CD327C}"
EndProject
Global
	GlobalSection(SolutionConfigurationPlatforms) = preSolution
		Debug|Any CPU = Debug|Any CPU
		Release|Any CPU = Release|Any CPU
	EndGlobalSection
	GlobalSection(ProjectConfigurationPlatforms) = postSolution
		{8C09A7EE-24A3-6386-E7FF-E6FDBEC8C94A}.Debug|Any CPU.ActiveCfg = Debug|Any CPU
		{8C09A7EE-24A3-6386-E7FF-E6FDBEC8C94A}.Debug|Any CPU.Build.0 = Debug|Any CPU
		{8C09A7EE-24A3-6386-E7FF-E6FDBEC8C94A}.Release|Any CPU.ActiveCfg = Release|Any CPU
		{8C09A7EE-24A3-6386-E7FF-E6FDBEC8C94A}.Release|Any CPU.Build.0 = Release|Any CPU
		{A0C8F9EC-E8BF-42D6-B55C-D53E4A733B45}.Debug|Any CPU.ActiveCfg = Debug|Any CPU
		{A0C8F9EC-E8BF-42D6-B55C-D53E4A733B45}.Debug|Any CPU.Build.0 = Debug|Any CPU
		{A0C8F9EC-E8BF-42D6-B55C-D53E4A733B45}.Release|Any CPU.ActiveCfg = Release|Any CPU
		{A0C8F9EC-E8BF-42D6-B55C-D53E4A733B45}.Release|Any CPU.Build.0 = Release|Any CPU
		{0FAE66A2-E81E-4532-B2F9-70F846CD327C}.Debug|Any CPU.ActiveCfg = Debug|Any CPU
		{0FAE66A2-E81E-4532-B2F9-70F846CD327C}.Debug|Any CPU.Build.0 = Debug|Any CPU
		{0FAE66A2-E81E-4532-B2F9-70F846CD327C}.Release|Any CPU.ActiveCfg = Release|Any CPU
		{0FAE66A2-E81E-4532-B2F9-70F846CD327C}.Release|Any CPU.Build.0 = Release|Any CPU
	EndGlobalSection
	GlobalSection(SolutionProperties) = preSolution
		HideSolutionNode = FALSE
	EndGlobalSection
	GlobalSection(ExtensibilityGlobals) = postSolution
		SolutionGuid = {5C05C580-7EBA-4DCD-B385-9725E3876659}
	EndGlobalSection
	GlobalSection(NestedProjects) = preSolution
		{A0C8F9EC-E8BF-42D6-B55C-D53E4A733B45} = {B88796AF-D5E1-4E00-A592-1E962445A706}
		{0FAE66A2-E81E-4532-B2F9-70F846CD327C} = {B88796AF-D5E1-4E00-A592-1E962445A706}
	EndGlobalSection
EndGlobal
